
Microsoft Visual Studio Solution File, Format Version 12.00
# Visual Studio Version 16
VisualStudioVersion = 16.0.31515.178
MinimumVisualStudioVersion = 10.0.40219.1
Project("{FAE04EC0-301F-11D3-BF4B-00C04F79EFBC}") = "milimeter", "milimeter.csproj", "{223C6B6D-152B-4A0C-B89D-FB68FAFD850A}"
EndProject
Global
	GlobalSection(SolutionConfigurationPlatforms) = preSolution
		Debug|Any CPU = Debug|Any CPU
		Release|Any CPU = Release|Any CPU
	EndGlobalSection
	GlobalSection(ProjectConfigurationPlatforms) = postSolution
		{223C6B6D-152B-4A0C-B89D-FB68FAFD850A}.Debug|Any CPU.ActiveCfg = Debug|Any CPU
		{223C6B6D-152B-4A0C-B89D-FB68FAFD850A}.Debug|Any CPU.Build.0 = Debug|Any CPU
		{223C6B6D-152B-4A0C-B89D-FB68FAFD850A}.Release|Any CPU.ActiveCfg = Release|Any CPU
		{223C6B6D-152B-4A0C-B89D-FB68FAFD850A}.Release|Any CPU.Build.0 = Release|Any CPU
	EndGlobalSection
	GlobalSection(SolutionProperties) = preSolution
		HideSolutionNode = FALSE
	EndGlobalSection
	GlobalSection(ExtensibilityGlobals) = postSolution
		SolutionGuid = {46DCCF60-0D78-4FA2-8A0E-C6AAFFDD119F}
	EndGlobalSection
EndGlobal
